
Microsoft Visual Studio Solution File, Format Version 12.00
# Visual Studio 2012
Project("{FAE04EC0-301F-11D3-BF4B-00C04F79EFBC}") = "UsingC-SharpAlgorithms", "UsingC-SharpAlgorithms\UsingC-SharpAlgorithms.csproj", "{C9CE0F9E-098F-44D7-8FFB-9D1E05CC7778}"
EndProject
Global
	GlobalSection(SolutionConfigurationPlatforms) = preSolution
		Debug|x86 = Debug|x86
		Release|x86 = Release|x86
	EndGlobalSection
	GlobalSection(ProjectConfigurationPlatforms) = postSolution
		{C9CE0F9E-098F-44D7-8FFB-9D1E05CC7778}.Debug|x86.ActiveCfg = Debug|x86
		{C9CE0F9E-098F-44D7-8FFB-9D1E05CC7778}.Debug|x86.Build.0 = Debug|x86
		{C9CE0F9E-098F-44D7-8FFB-9D1E05CC7778}.Release|x86.ActiveCfg = Release|x86
		{C9CE0F9E-098F-44D7-8FFB-9D1E05CC7778}.Release|x86.Build.0 = Release|x86
	EndGlobalSection
EndGlobal
